
Microsoft Visual Studio Solution File, Format Version 12.00
# Visual Studio Version 17
VisualStudioVersion = 17.0.32002.185
MinimumVisualStudioVersion = 10.0.40219.1
Project("{FAE04EC0-301F-11D3-BF4B-00C04F79EFBC}") = "Dmu_Console", "Dmu_Console\Dmu_Console.csproj", "{F69F24C4-4FC8-464B-8504-9D6C6E1ACF3E}"
EndProject
Global
	GlobalSection(SolutionConfigurationPlatforms) = preSolution
		Debug|Any CPU = Debug|Any CPU
		Release|Any CPU = Release|Any CPU
	EndGlobalSection
	GlobalSection(ProjectConfigurationPlatforms) = postSolution
		{F69F24C4-4FC8-464B-8504-9D6C6E1ACF3E}.Debug|Any CPU.ActiveCfg = Debug|Any CPU
		{F69F24C4-4FC8-464B-8504-9D6C6E1ACF3E}.Debug|Any CPU.Build.0 = Debug|Any CPU
		{F69F24C4-4FC8-464B-8504-9D6C6E1ACF3E}.Release|Any CPU.ActiveCfg = Release|Any CPU
		{F69F24C4-4FC8-464B-8504-9D6C6E1ACF3E}.Release|Any CPU.Build.0 = Release|Any CPU
	EndGlobalSection
	GlobalSection(SolutionProperties) = preSolution
		HideSolutionNode = FALSE
	EndGlobalSection
	GlobalSection(ExtensibilityGlobals) = postSolution
		SolutionGuid = {500A6665-2F25-4169-B713-6D92C89FFA04}
	EndGlobalSection
EndGlobal
